// !$*UTF8*$!
{
	archiveVersion = 1;
	classes = {
	};
	objectVersion = 55;
	objects = {

/* Begin PBXBuildFile section */
		0207AF0928FFDCF900E4A645 /* SignupPresenterTests.swift in Sources */ = {isa = PBXBuildFile; fileRef = 0207AF0828FFDCF900E4A645 /* SignupPresenterTests.swift */; };
		0207AF0B28FFDDEE00E4A645 /* SignupFormModel.swift in Sources */ = {isa = PBXBuildFile; fileRef = 0207AF0A28FFDDEE00E4A645 /* SignupFormModel.swift */; };
		0207AF0D28FFDEC900E4A645 /* SignupPresenter.swift in Sources */ = {isa = PBXBuildFile; fileRef = 0207AF0C28FFDEC900E4A645 /* SignupPresenter.swift */; };
		0207AF1128FFDFA500E4A645 /* MockSignupModelValidator.swift in Sources */ = {isa = PBXBuildFile; fileRef = 0207AF1028FFDFA500E4A645 /* MockSignupModelValidator.swift */; };
		0207AF1328FFE03F00E4A645 /* SignupModelValidatorProtocol.swift in Sources */ = {isa = PBXBuildFile; fileRef = 0207AF1228FFE03F00E4A645 /* SignupModelValidatorProtocol.swift */; };
		0207AF1928FFE55800E4A645 /* MockSignupWebService.swift in Sources */ = {isa = PBXBuildFile; fileRef = 0207AF1828FFE55800E4A645 /* MockSignupWebService.swift */; };
		0207AF1B28FFE61B00E4A645 /* SignupWebServiceProtocol.swift in Sources */ = {isa = PBXBuildFile; fileRef = 0207AF1A28FFE61B00E4A645 /* SignupWebServiceProtocol.swift */; };
		0207AF1D28FFE93300E4A645 /* MockSignupViewDelegate.swift in Sources */ = {isa = PBXBuildFile; fileRef = 0207AF1C28FFE93300E4A645 /* MockSignupViewDelegate.swift */; };
		0207AF1F28FFE9BC00E4A645 /* SignupViewDelegateProtocol.swift in Sources */ = {isa = PBXBuildFile; fileRef = 0207AF1E28FFE9BC00E4A645 /* SignupViewDelegateProtocol.swift */; };
		0207AF2228FFF8BE00E4A645 /* SignupViewControllerTests.swift in Sources */ = {isa = PBXBuildFile; fileRef = 0207AF2128FFF8BE00E4A645 /* SignupViewControllerTests.swift */; };
		0207AF242900090700E4A645 /* MockSignupPresenter.swift in Sources */ = {isa = PBXBuildFile; fileRef = 0207AF232900090700E4A645 /* MockSignupPresenter.swift */; };
		0207AF262900097E00E4A645 /* SignupPresenterProtocol.swift in Sources */ = {isa = PBXBuildFile; fileRef = 0207AF252900097E00E4A645 /* SignupPresenterProtocol.swift */; };
		0247A0D028FEE85F0053856D /* SignupFormModelValidatorTests.swift in Sources */ = {isa = PBXBuildFile; fileRef = 0247A0CF28FEE85F0053856D /* SignupFormModelValidatorTests.swift */; };
		0247A0D228FEE9110053856D /* SignupFormModelValidator.swift in Sources */ = {isa = PBXBuildFile; fileRef = 0247A0D128FEE9110053856D /* SignupFormModelValidator.swift */; };
		0247A0D428FEEBE10053856D /* SignupConstants.swift in Sources */ = {isa = PBXBuildFile; fileRef = 0247A0D328FEEBE10053856D /* SignupConstants.swift */; };
		0247A0D628FF07FF0053856D /* SignupWebServiceTests.swift in Sources */ = {isa = PBXBuildFile; fileRef = 0247A0D528FF07FF0053856D /* SignupWebServiceTests.swift */; };
		0247A0D828FF087C0053856D /* SignupWebService.swift in Sources */ = {isa = PBXBuildFile; fileRef = 0247A0D728FF087C0053856D /* SignupWebService.swift */; };
		0247A0DA28FF09200053856D /* SignupFormRequestModel.swift in Sources */ = {isa = PBXBuildFile; fileRef = 0247A0D928FF09200053856D /* SignupFormRequestModel.swift */; };
		0247A0DC28FF0A5D0053856D /* SignupResponseModel.swift in Sources */ = {isa = PBXBuildFile; fileRef = 0247A0DB28FF0A5D0053856D /* SignupResponseModel.swift */; };
		0247A0DE28FF0AA50053856D /* SignupError.swift in Sources */ = {isa = PBXBuildFile; fileRef = 0247A0DD28FF0AA50053856D /* SignupError.swift */; };
		02498D6F28FFA64200F0702E /* MockURLProtocol.swift in Sources */ = {isa = PBXBuildFile; fileRef = 02498D6E28FFA64200F0702E /* MockURLProtocol.swift */; };
		0285C62828FD337700F4CA92 /* AppDelegate.swift in Sources */ = {isa = PBXBuildFile; fileRef = 0285C62728FD337700F4CA92 /* AppDelegate.swift */; };
		0285C62A28FD337700F4CA92 /* SceneDelegate.swift in Sources */ = {isa = PBXBuildFile; fileRef = 0285C62928FD337700F4CA92 /* SceneDelegate.swift */; };
		0285C62C28FD337700F4CA92 /* SignupViewController.swift in Sources */ = {isa = PBXBuildFile; fileRef = 0285C62B28FD337700F4CA92 /* SignupViewController.swift */; };
		0285C62F28FD337700F4CA92 /* Main.storyboard in Resources */ = {isa = PBXBuildFile; fileRef = 0285C62D28FD337700F4CA92 /* Main.storyboard */; };
		0285C63128FD337900F4CA92 /* Assets.xcassets in Resources */ = {isa = PBXBuildFile; fileRef = 0285C63028FD337900F4CA92 /* Assets.xcassets */; };
		0285C63428FD337900F4CA92 /* LaunchScreen.storyboard in Resources */ = {isa = PBXBuildFile; fileRef = 0285C63228FD337900F4CA92 /* LaunchScreen.storyboard */; };
		0285C64928FD337900F4CA92 /* PhotosAppUITests.swift in Sources */ = {isa = PBXBuildFile; fileRef = 0285C64828FD337900F4CA92 /* PhotosAppUITests.swift */; };
		0285C64B28FD337900F4CA92 /* PhotosAppUITestsLaunchTests.swift in Sources */ = {isa = PBXBuildFile; fileRef = 0285C64A28FD337900F4CA92 /* PhotosAppUITestsLaunchTests.swift */; };
/* End PBXBuildFile section */

/* Begin PBXContainerItemProxy section */
		0285C63B28FD337900F4CA92 /* PBXContainerItemProxy */ = {
			isa = PBXContainerItemProxy;
			containerPortal = 0285C61C28FD337700F4CA92 /* Project object */;
			proxyType = 1;
			remoteGlobalIDString = 0285C62328FD337700F4CA92;
			remoteInfo = PhotosApp;
		};
		0285C64528FD337900F4CA92 /* PBXContainerItemProxy */ = {
			isa = PBXContainerItemProxy;
			containerPortal = 0285C61C28FD337700F4CA92 /* Project object */;
			proxyType = 1;
			remoteGlobalIDString = 0285C62328FD337700F4CA92;
			remoteInfo = PhotosApp;
		};
/* End PBXContainerItemProxy section */

/* Begin PBXFileReference section */
		0207AF0828FFDCF900E4A645 /* SignupPresenterTests.swift */ = {isa = PBXFileReference; lastKnownFileType = sourcecode.swift; path = SignupPresenterTests.swift; sourceTree = "<group>"; };
		0207AF0A28FFDDEE00E4A645 /* SignupFormModel.swift */ = {isa = PBXFileReference; lastKnownFileType = sourcecode.swift; path = SignupFormModel.swift; sourceTree = "<group>"; };
		0207AF0C28FFDEC900E4A645 /* SignupPresenter.swift */ = {isa = PBXFileReference; lastKnownFileType = sourcecode.swift; path = SignupPresenter.swift; sourceTree = "<group>"; };
		0207AF1028FFDFA500E4A645 /* MockSignupModelValidator.swift */ = {isa = PBXFileReference; lastKnownFileType = sourcecode.swift; path = MockSignupModelValidator.swift; sourceTree = "<group>"; };
		0207AF1228FFE03F00E4A645 /* SignupModelValidatorProtocol.swift */ = {isa = PBXFileReference; lastKnownFileType = sourcecode.swift; path = SignupModelValidatorProtocol.swift; sourceTree = "<group>"; };
		0207AF1828FFE55800E4A645 /* MockSignupWebService.swift */ = {isa = PBXFileReference; lastKnownFileType = sourcecode.swift; path = MockSignupWebService.swift; sourceTree = "<group>"; };
		0207AF1A28FFE61B00E4A645 /* SignupWebServiceProtocol.swift */ = {isa = PBXFileReference; lastKnownFileType = sourcecode.swift; path = SignupWebServiceProtocol.swift; sourceTree = "<group>"; };
		0207AF1C28FFE93300E4A645 /* MockSignupViewDelegate.swift */ = {isa = PBXFileReference; lastKnownFileType = sourcecode.swift; path = MockSignupViewDelegate.swift; sourceTree = "<group>"; };
		0207AF1E28FFE9BC00E4A645 /* SignupViewDelegateProtocol.swift */ = {isa = PBXFileReference; lastKnownFileType = sourcecode.swift; path = SignupViewDelegateProtocol.swift; sourceTree = "<group>"; };
		0207AF2128FFF8BE00E4A645 /* SignupViewControllerTests.swift */ = {isa = PBXFileReference; lastKnownFileType = sourcecode.swift; path = SignupViewControllerTests.swift; sourceTree = "<group>"; };
		0207AF232900090700E4A645 /* MockSignupPresenter.swift */ = {isa = PBXFileReference; lastKnownFileType = sourcecode.swift; path = MockSignupPresenter.swift; sourceTree = "<group>"; };
		0207AF252900097E00E4A645 /* SignupPresenterProtocol.swift */ = {isa = PBXFileReference; lastKnownFileType = sourcecode.swift; path = SignupPresenterProtocol.swift; sourceTree = "<group>"; };
		0247A0CF28FEE85F0053856D /* SignupFormModelValidatorTests.swift */ = {isa = PBXFileReference; lastKnownFileType = sourcecode.swift; path = SignupFormModelValidatorTests.swift; sourceTree = "<group>"; };
		0247A0D128FEE9110053856D /* SignupFormModelValidator.swift */ = {isa = PBXFileReference; lastKnownFileType = sourcecode.swift; path = SignupFormModelValidator.swift; sourceTree = "<group>"; };
		0247A0D328FEEBE10053856D /* SignupConstants.swift */ = {isa = PBXFileReference; lastKnownFileType = sourcecode.swift; path = SignupConstants.swift; sourceTree = "<group>"; };
		0247A0D528FF07FF0053856D /* SignupWebServiceTests.swift */ = {isa = PBXFileReference; lastKnownFileType = sourcecode.swift; path = SignupWebServiceTests.swift; sourceTree = "<group>"; };
		0247A0D728FF087C0053856D /* SignupWebService.swift */ = {isa = PBXFileReference; lastKnownFileType = sourcecode.swift; path = SignupWebService.swift; sourceTree = "<group>"; };
		0247A0D928FF09200053856D /* SignupFormRequestModel.swift */ = {isa = PBXFileReference; lastKnownFileType = sourcecode.swift; path = SignupFormRequestModel.swift; sourceTree = "<group>"; };
		0247A0DB28FF0A5D0053856D /* SignupResponseModel.swift */ = {isa = PBXFileReference; lastKnownFileType = sourcecode.swift; path = SignupResponseModel.swift; sourceTree = "<group>"; };
		0247A0DD28FF0AA50053856D /* SignupError.swift */ = {isa = PBXFileReference; lastKnownFileType = sourcecode.swift; path = SignupError.swift; sourceTree = "<group>"; };
		02498D6E28FFA64200F0702E /* MockURLProtocol.swift */ = {isa = PBXFileReference; lastKnownFileType = sourcecode.swift; path = MockURLProtocol.swift; sourceTree = "<group>"; };
		0285C62428FD337700F4CA92 /* PhotosApp.app */ = {isa = PBXFileReference; explicitFileType = wrapper.application; includeInIndex = 0; path = PhotosApp.app; sourceTree = BUILT_PRODUCTS_DIR; };
		0285C62728FD337700F4CA92 /* AppDelegate.swift */ = {isa = PBXFileReference; lastKnownFileType = sourcecode.swift; path = AppDelegate.swift; sourceTree = "<group>"; };
		0285C62928FD337700F4CA92 /* SceneDelegate.swift */ = {isa = PBXFileReference; lastKnownFileType = sourcecode.swift; path = SceneDelegate.swift; sourceTree = "<group>"; };
		0285C62B28FD337700F4CA92 /* SignupViewController.swift */ = {isa = PBXFileReference; lastKnownFileType = sourcecode.swift; path = SignupViewController.swift; sourceTree = "<group>"; };
		0285C62E28FD337700F4CA92 /* Base */ = {isa = PBXFileReference; lastKnownFileType = file.storyboard; name = Base; path = Base.lproj/Main.storyboard; sourceTree = "<group>"; };
		0285C63028FD337900F4CA92 /* Assets.xcassets */ = {isa = PBXFileReference; lastKnownFileType = folder.assetcatalog; path = Assets.xcassets; sourceTree = "<group>"; };
		0285C63328FD337900F4CA92 /* Base */ = {isa = PBXFileReference; lastKnownFileType = file.storyboard; name = Base; path = Base.lproj/LaunchScreen.storyboard; sourceTree = "<group>"; };
		0285C63528FD337900F4CA92 /* Info.plist */ = {isa = PBXFileReference; lastKnownFileType = text.plist.xml; path = Info.plist; sourceTree = "<group>"; };
		0285C63A28FD337900F4CA92 /* PhotosAppTests.xctest */ = {isa = PBXFileReference; explicitFileType = wrapper.cfbundle; includeInIndex = 0; path = PhotosAppTests.xctest; sourceTree = BUILT_PRODUCTS_DIR; };
		0285C64428FD337900F4CA92 /* PhotosAppUITests.xctest */ = {isa = PBXFileReference; explicitFileType = wrapper.cfbundle; includeInIndex = 0; path = PhotosAppUITests.xctest; sourceTree = BUILT_PRODUCTS_DIR; };
		0285C64828FD337900F4CA92 /* PhotosAppUITests.swift */ = {isa = PBXFileReference; lastKnownFileType = sourcecode.swift; path = PhotosAppUITests.swift; sourceTree = "<group>"; };
		0285C64A28FD337900F4CA92 /* PhotosAppUITestsLaunchTests.swift */ = {isa = PBXFileReference; lastKnownFileType = sourcecode.swift; path = PhotosAppUITestsLaunchTests.swift; sourceTree = "<group>"; };
/* End PBXFileReference section */

/* Begin PBXFrameworksBuildPhase section */
		0285C62128FD337700F4CA92 /* Frameworks */ = {
			isa = PBXFrameworksBuildPhase;
			buildActionMask = 2147483647;
			files = (
			);
			runOnlyForDeploymentPostprocessing = 0;
		};
		0285C63728FD337900F4CA92 /* Frameworks */ = {
			isa = PBXFrameworksBuildPhase;
			buildActionMask = 2147483647;
			files = (
			);
			runOnlyForDeploymentPostprocessing = 0;
		};
		0285C64128FD337900F4CA92 /* Frameworks */ = {
			isa = PBXFrameworksBuildPhase;
			buildActionMask = 2147483647;
			files = (
			);
			runOnlyForDeploymentPostprocessing = 0;
		};
/* End PBXFrameworksBuildPhase section */

/* Begin PBXGroup section */
		0207AF1428FFE40E00E4A645 /* Presenters */ = {
			isa = PBXGroup;
			children = (
				0207AF0C28FFDEC900E4A645 /* SignupPresenter.swift */,
			);
			path = Presenters;
			sourceTree = "<group>";
		};
		0207AF1528FFE43400E4A645 /* Protocols */ = {
			isa = PBXGroup;
			children = (
				0207AF1228FFE03F00E4A645 /* SignupModelValidatorProtocol.swift */,
				0207AF1A28FFE61B00E4A645 /* SignupWebServiceProtocol.swift */,
				0207AF1E28FFE9BC00E4A645 /* SignupViewDelegateProtocol.swift */,
				0207AF252900097E00E4A645 /* SignupPresenterProtocol.swift */,
			);
			path = Protocols;
			sourceTree = "<group>";
		};
		0207AF1628FFE44B00E4A645 /* Presenters */ = {
			isa = PBXGroup;
			children = (
				0207AF0828FFDCF900E4A645 /* SignupPresenterTests.swift */,
			);
			path = Presenters;
			sourceTree = "<group>";
		};
		0207AF1728FFE46100E4A645 /* Mocks */ = {
			isa = PBXGroup;
			children = (
				02498D6E28FFA64200F0702E /* MockURLProtocol.swift */,
				0207AF1028FFDFA500E4A645 /* MockSignupModelValidator.swift */,
				0207AF1828FFE55800E4A645 /* MockSignupWebService.swift */,
				0207AF1C28FFE93300E4A645 /* MockSignupViewDelegate.swift */,
				0207AF232900090700E4A645 /* MockSignupPresenter.swift */,
			);
			path = Mocks;
			sourceTree = "<group>";
		};
		0207AF2028FFF8AE00E4A645 /* Controllers */ = {
			isa = PBXGroup;
			children = (
				0207AF2128FFF8BE00E4A645 /* SignupViewControllerTests.swift */,
			);
			path = Controllers;
			sourceTree = "<group>";
		};
		0247A0DF28FF0B670053856D /* Signup */ = {
			isa = PBXGroup;
			children = (
				0207AF1528FFE43400E4A645 /* Protocols */,
				0207AF1428FFE40E00E4A645 /* Presenters */,
				0247A0E228FF0BE70053856D /* Network */,
				0247A0E128FF0BBA0053856D /* Controllers */,
				0247A0E028FF0B7C0053856D /* Models */,
			);
			path = Signup;
			sourceTree = "<group>";
		};
		0247A0E028FF0B7C0053856D /* Models */ = {
			isa = PBXGroup;
			children = (
				0247A0D128FEE9110053856D /* SignupFormModelValidator.swift */,
				0247A0D928FF09200053856D /* SignupFormRequestModel.swift */,
				0247A0D328FEEBE10053856D /* SignupConstants.swift */,
				0247A0DB28FF0A5D0053856D /* SignupResponseModel.swift */,
				0247A0DD28FF0AA50053856D /* SignupError.swift */,
				0207AF0A28FFDDEE00E4A645 /* SignupFormModel.swift */,
			);
			path = Models;
			sourceTree = "<group>";
		};
		0247A0E128FF0BBA0053856D /* Controllers */ = {
			isa = PBXGroup;
			children = (
				0285C62B28FD337700F4CA92 /* SignupViewController.swift */,
			);
			path = Controllers;
			sourceTree = "<group>";
		};
		0247A0E228FF0BE70053856D /* Network */ = {
			isa = PBXGroup;
			children = (
				0247A0D728FF087C0053856D /* SignupWebService.swift */,
			);
			path = Network;
			sourceTree = "<group>";
		};
		0247A0E328FF0C070053856D /* Signup */ = {
			isa = PBXGroup;
			children = (
				0207AF2028FFF8AE00E4A645 /* Controllers */,
				0207AF1728FFE46100E4A645 /* Mocks */,
				0207AF1628FFE44B00E4A645 /* Presenters */,
				0247A0E528FF0C170053856D /* Network */,
				0247A0E428FF0C120053856D /* Models */,
			);
			path = Signup;
			sourceTree = "<group>";
		};
		0247A0E428FF0C120053856D /* Models */ = {
			isa = PBXGroup;
			children = (
				0247A0CF28FEE85F0053856D /* SignupFormModelValidatorTests.swift */,
			);
			path = Models;
			sourceTree = "<group>";
		};
		0247A0E528FF0C170053856D /* Network */ = {
			isa = PBXGroup;
			children = (
				0247A0D528FF07FF0053856D /* SignupWebServiceTests.swift */,
			);
			path = Network;
			sourceTree = "<group>";
		};
		0285C61B28FD337700F4CA92 = {
			isa = PBXGroup;
			children = (
				0285C62628FD337700F4CA92 /* PhotosApp */,
				0285C63D28FD337900F4CA92 /* PhotosAppTests */,
				0285C64728FD337900F4CA92 /* PhotosAppUITests */,
				0285C62528FD337700F4CA92 /* Products */,
			);
			sourceTree = "<group>";
		};
		0285C62528FD337700F4CA92 /* Products */ = {
			isa = PBXGroup;
			children = (
				0285C62428FD337700F4CA92 /* PhotosApp.app */,
				0285C63A28FD337900F4CA92 /* PhotosAppTests.xctest */,
				0285C64428FD337900F4CA92 /* PhotosAppUITests.xctest */,
			);
			name = Products;
			sourceTree = "<group>";
		};
		0285C62628FD337700F4CA92 /* PhotosApp */ = {
			isa = PBXGroup;
			children = (
				0285C62728FD337700F4CA92 /* AppDelegate.swift */,
				0285C62928FD337700F4CA92 /* SceneDelegate.swift */,
				0285C62D28FD337700F4CA92 /* Main.storyboard */,
				0285C63028FD337900F4CA92 /* Assets.xcassets */,
				0285C63228FD337900F4CA92 /* LaunchScreen.storyboard */,
				0285C63528FD337900F4CA92 /* Info.plist */,
				0247A0DF28FF0B670053856D /* Signup */,
			);
			path = PhotosApp;
			sourceTree = "<group>";
		};
		0285C63D28FD337900F4CA92 /* PhotosAppTests */ = {
			isa = PBXGroup;
			children = (
				0247A0E328FF0C070053856D /* Signup */,
			);
			path = PhotosAppTests;
			sourceTree = "<group>";
		};
		0285C64728FD337900F4CA92 /* PhotosAppUITests */ = {
			isa = PBXGroup;
			children = (
				0285C64828FD337900F4CA92 /* PhotosAppUITests.swift */,
				0285C64A28FD337900F4CA92 /* PhotosAppUITestsLaunchTests.swift */,
			);
			path = PhotosAppUITests;
			sourceTree = "<group>";
		};
/* End PBXGroup section */

/* Begin PBXNativeTarget section */
		0285C62328FD337700F4CA92 /* PhotosApp */ = {
			isa = PBXNativeTarget;
			buildConfigurationList = 0285C64E28FD337900F4CA92 /* Build configuration list for PBXNativeTarget "PhotosApp" */;
			buildPhases = (
				0285C62028FD337700F4CA92 /* Sources */,
				0285C62128FD337700F4CA92 /* Frameworks */,
				0285C62228FD337700F4CA92 /* Resources */,
			);
			buildRules = (
			);
			dependencies = (
			);
			name = PhotosApp;
			productName = PhotosApp;
			productReference = 0285C62428FD337700F4CA92 /* PhotosApp.app */;
			productType = "com.apple.product-type.application";
		};
		0285C63928FD337900F4CA92 /* PhotosAppTests */ = {
			isa = PBXNativeTarget;
			buildConfigurationList = 0285C65128FD337900F4CA92 /* Build configuration list for PBXNativeTarget "PhotosAppTests" */;
			buildPhases = (
				0285C63628FD337900F4CA92 /* Sources */,
				0285C63728FD337900F4CA92 /* Frameworks */,
				0285C63828FD337900F4CA92 /* Resources */,
			);
			buildRules = (
			);
			dependencies = (
				0285C63C28FD337900F4CA92 /* PBXTargetDependency */,
			);
			name = PhotosAppTests;
			productName = PhotosAppTests;
			productReference = 0285C63A28FD337900F4CA92 /* PhotosAppTests.xctest */;
			productType = "com.apple.product-type.bundle.unit-test";
		};
		0285C64328FD337900F4CA92 /* PhotosAppUITests */ = {
			isa = PBXNativeTarget;
			buildConfigurationList = 0285C65428FD337900F4CA92 /* Build configuration list for PBXNativeTarget "PhotosAppUITests" */;
			buildPhases = (
				0285C64028FD337900F4CA92 /* Sources */,
				0285C64128FD337900F4CA92 /* Frameworks */,
				0285C64228FD337900F4CA92 /* Resources */,
			);
			buildRules = (
			);
			dependencies = (
				0285C64628FD337900F4CA92 /* PBXTargetDependency */,
			);
			name = PhotosAppUITests;
			productName = PhotosAppUITests;
			productReference = 0285C64428FD337900F4CA92 /* PhotosAppUITests.xctest */;
			productType = "com.apple.product-type.bundle.ui-testing";
		};
/* End PBXNativeTarget section */

/* Begin PBXProject section */
		0285C61C28FD337700F4CA92 /* Project object */ = {
			isa = PBXProject;
			attributes = {
				BuildIndependentTargetsInParallel = 1;
				LastSwiftUpdateCheck = 1340;
				LastUpgradeCheck = 1340;
				TargetAttributes = {
					0285C62328FD337700F4CA92 = {
						CreatedOnToolsVersion = 13.4.1;
					};
					0285C63928FD337900F4CA92 = {
						CreatedOnToolsVersion = 13.4.1;
						LastSwiftMigration = 1340;
						TestTargetID = 0285C62328FD337700F4CA92;
					};
					0285C64328FD337900F4CA92 = {
						CreatedOnToolsVersion = 13.4.1;
						TestTargetID = 0285C62328FD337700F4CA92;
					};
				};
			};
			buildConfigurationList = 0285C61F28FD337700F4CA92 /* Build configuration list for PBXProject "PhotosApp" */;
			compatibilityVersion = "Xcode 13.0";
			developmentRegion = en;
			hasScannedForEncodings = 0;
			knownRegions = (
				en,
				Base,
			);
			mainGroup = 0285C61B28FD337700F4CA92;
			productRefGroup = 0285C62528FD337700F4CA92 /* Products */;
			projectDirPath = "";
			projectRoot = "";
			targets = (
				0285C62328FD337700F4CA92 /* PhotosApp */,
				0285C63928FD337900F4CA92 /* PhotosAppTests */,
				0285C64328FD337900F4CA92 /* PhotosAppUITests */,
			);
		};
/* End PBXProject section */

/* Begin PBXResourcesBuildPhase section */
		0285C62228FD337700F4CA92 /* Resources */ = {
			isa = PBXResourcesBuildPhase;
			buildActionMask = 2147483647;
			files = (
				0285C63428FD337900F4CA92 /* LaunchScreen.storyboard in Resources */,
				0285C63128FD337900F4CA92 /* Assets.xcassets in Resources */,
				0285C62F28FD337700F4CA92 /* Main.storyboard in Resources */,
			);
			runOnlyForDeploymentPostprocessing = 0;
		};
		0285C63828FD337900F4CA92 /* Resources */ = {
			isa = PBXResourcesBuildPhase;
			buildActionMask = 2147483647;
			files = (
			);
			runOnlyForDeploymentPostprocessing = 0;
		};
		0285C64228FD337900F4CA92 /* Resources */ = {
			isa = PBXResourcesBuildPhase;
			buildActionMask = 2147483647;
			files = (
			);
			runOnlyForDeploymentPostprocessing = 0;
		};
/* End PBXResourcesBuildPhase section */

/* Begin PBXSourcesBuildPhase section */
		0285C62028FD337700F4CA92 /* Sources */ = {
			isa = PBXSourcesBuildPhase;
			buildActionMask = 2147483647;
			files = (
				0207AF262900097E00E4A645 /* SignupPresenterProtocol.swift in Sources */,
				0207AF0D28FFDEC900E4A645 /* SignupPresenter.swift in Sources */,
				0285C62C28FD337700F4CA92 /* SignupViewController.swift in Sources */,
				0285C62828FD337700F4CA92 /* AppDelegate.swift in Sources */,
				0247A0DE28FF0AA50053856D /* SignupError.swift in Sources */,
				0247A0DC28FF0A5D0053856D /* SignupResponseModel.swift in Sources */,
				0247A0D228FEE9110053856D /* SignupFormModelValidator.swift in Sources */,
				0207AF1F28FFE9BC00E4A645 /* SignupViewDelegateProtocol.swift in Sources */,
				0207AF0B28FFDDEE00E4A645 /* SignupFormModel.swift in Sources */,
				0247A0D428FEEBE10053856D /* SignupConstants.swift in Sources */,
				0207AF1328FFE03F00E4A645 /* SignupModelValidatorProtocol.swift in Sources */,
				0247A0DA28FF09200053856D /* SignupFormRequestModel.swift in Sources */,
				0207AF1B28FFE61B00E4A645 /* SignupWebServiceProtocol.swift in Sources */,
				0247A0D828FF087C0053856D /* SignupWebService.swift in Sources */,
				0285C62A28FD337700F4CA92 /* SceneDelegate.swift in Sources */,
			);
			runOnlyForDeploymentPostprocessing = 0;
		};
		0285C63628FD337900F4CA92 /* Sources */ = {
			isa = PBXSourcesBuildPhase;
			buildActionMask = 2147483647;
			files = (
				0207AF242900090700E4A645 /* MockSignupPresenter.swift in Sources */,
				0207AF1928FFE55800E4A645 /* MockSignupWebService.swift in Sources */,
				02498D6F28FFA64200F0702E /* MockURLProtocol.swift in Sources */,
				0207AF2228FFF8BE00E4A645 /* SignupViewControllerTests.swift in Sources */,
				0247A0D628FF07FF0053856D /* SignupWebServiceTests.swift in Sources */,
				0207AF0928FFDCF900E4A645 /* SignupPresenterTests.swift in Sources */,
				0207AF1128FFDFA500E4A645 /* MockSignupModelValidator.swift in Sources */,
				0247A0D028FEE85F0053856D /* SignupFormModelValidatorTests.swift in Sources */,
				0207AF1D28FFE93300E4A645 /* MockSignupViewDelegate.swift in Sources */,
			);
			runOnlyForDeploymentPostprocessing = 0;
		};
		0285C64028FD337900F4CA92 /* Sources */ = {
			isa = PBXSourcesBuildPhase;
			buildActionMask = 2147483647;
			files = (
				0285C64928FD337900F4CA92 /* PhotosAppUITests.swift in Sources */,
				0285C64B28FD337900F4CA92 /* PhotosAppUITestsLaunchTests.swift in Sources */,
			);
			runOnlyForDeploymentPostprocessing = 0;
		};
/* End PBXSourcesBuildPhase section */

/* Begin PBXTargetDependency section */
		0285C63C28FD337900F4CA92 /* PBXTargetDependency */ = {
			isa = PBXTargetDependency;
			target = 0285C62328FD337700F4CA92 /* PhotosApp */;
			targetProxy = 0285C63B28FD337900F4CA92 /* PBXContainerItemProxy */;
		};
		0285C64628FD337900F4CA92 /* PBXTargetDependency */ = {
			isa = PBXTargetDependency;
			target = 0285C62328FD337700F4CA92 /* PhotosApp */;
			targetProxy = 0285C64528FD337900F4CA92 /* PBXContainerItemProxy */;
		};
/* End PBXTargetDependency section */

/* Begin PBXVariantGroup section */
		0285C62D28FD337700F4CA92 /* Main.storyboard */ = {
			isa = PBXVariantGroup;
			children = (
				0285C62E28FD337700F4CA92 /* Base */,
			);
			name = Main.storyboard;
			sourceTree = "<group>";
		};
		0285C63228FD337900F4CA92 /* LaunchScreen.storyboard */ = {
			isa = PBXVariantGroup;
			children = (
				0285C63328FD337900F4CA92 /* Base */,
			);
			name = LaunchScreen.storyboard;
			sourceTree = "<group>";
		};
/* End PBXVariantGroup section */

/* Begin XCBuildConfiguration section */
		0285C64C28FD337900F4CA92 /* Debug */ = {
			isa = XCBuildConfiguration;
			buildSettings = {
				ALWAYS_SEARCH_USER_PATHS = NO;
				CLANG_ANALYZER_NONNULL = YES;
				CLANG_ANALYZER_NUMBER_OBJECT_CONVERSION = YES_AGGRESSIVE;
				CLANG_CXX_LANGUAGE_STANDARD = "gnu++17";
				CLANG_ENABLE_MODULES = YES;
				CLANG_ENABLE_OBJC_ARC = YES;
				CLANG_ENABLE_OBJC_WEAK = YES;
				CLANG_WARN_BLOCK_CAPTURE_AUTORELEASING = YES;
				CLANG_WARN_BOOL_CONVERSION = YES;
				CLANG_WARN_COMMA = YES;
				CLANG_WARN_CONSTANT_CONVERSION = YES;
				CLANG_WARN_DEPRECATED_OBJC_IMPLEMENTATIONS = YES;
				CLANG_WARN_DIRECT_OBJC_ISA_USAGE = YES_ERROR;
				CLANG_WARN_DOCUMENTATION_COMMENTS = YES;
				CLANG_WARN_EMPTY_BODY = YES;
				CLANG_WARN_ENUM_CONVERSION = YES;
				CLANG_WARN_INFINITE_RECURSION = YES;
				CLANG_WARN_INT_CONVERSION = YES;
				CLANG_WARN_NON_LITERAL_NULL_CONVERSION = YES;
				CLANG_WARN_OBJC_IMPLICIT_RETAIN_SELF = YES;
				CLANG_WARN_OBJC_LITERAL_CONVERSION = YES;
				CLANG_WARN_OBJC_ROOT_CLASS = YES_ERROR;
				CLANG_WARN_QUOTED_INCLUDE_IN_FRAMEWORK_HEADER = YES;
				CLANG_WARN_RANGE_LOOP_ANALYSIS = YES;
				CLANG_WARN_STRICT_PROTOTYPES = YES;
				CLANG_WARN_SUSPICIOUS_MOVE = YES;
				CLANG_WARN_UNGUARDED_AVAILABILITY = YES_AGGRESSIVE;
				CLANG_WARN_UNREACHABLE_CODE = YES;
				CLANG_WARN__DUPLICATE_METHOD_MATCH = YES;
				COPY_PHASE_STRIP = NO;
				DEBUG_INFORMATION_FORMAT = dwarf;
				ENABLE_STRICT_OBJC_MSGSEND = YES;
				ENABLE_TESTABILITY = YES;
				GCC_C_LANGUAGE_STANDARD = gnu11;
				GCC_DYNAMIC_NO_PIC = NO;
				GCC_NO_COMMON_BLOCKS = YES;
				GCC_OPTIMIZATION_LEVEL = 0;
				GCC_PREPROCESSOR_DEFINITIONS = (
					"DEBUG=1",
					"$(inherited)",
				);
				GCC_WARN_64_TO_32_BIT_CONVERSION = YES;
				GCC_WARN_ABOUT_RETURN_TYPE = YES_ERROR;
				GCC_WARN_UNDECLARED_SELECTOR = YES;
				GCC_WARN_UNINITIALIZED_AUTOS = YES_AGGRESSIVE;
				GCC_WARN_UNUSED_FUNCTION = YES;
				GCC_WARN_UNUSED_VARIABLE = YES;
				IPHONEOS_DEPLOYMENT_TARGET = 15.5;
				MTL_ENABLE_DEBUG_INFO = INCLUDE_SOURCE;
				MTL_FAST_MATH = YES;
				ONLY_ACTIVE_ARCH = YES;
				SDKROOT = iphoneos;
				SWIFT_ACTIVE_COMPILATION_CONDITIONS = DEBUG;
				SWIFT_OPTIMIZATION_LEVEL = "-Onone";
			};
			name = Debug;
		};
		0285C64D28FD337900F4CA92 /* Release */ = {
			isa = XCBuildConfiguration;
			buildSettings = {
				ALWAYS_SEARCH_USER_PATHS = NO;
				CLANG_ANALYZER_NONNULL = YES;
				CLANG_ANALYZER_NUMBER_OBJECT_CONVERSION = YES_AGGRESSIVE;
				CLANG_CXX_LANGUAGE_STANDARD = "gnu++17";
				CLANG_ENABLE_MODULES = YES;
				CLANG_ENABLE_OBJC_ARC = YES;
				CLANG_ENABLE_OBJC_WEAK = YES;
				CLANG_WARN_BLOCK_CAPTURE_AUTORELEASING = YES;
				CLANG_WARN_BOOL_CONVERSION = YES;
				CLANG_WARN_COMMA = YES;
				CLANG_WARN_CONSTANT_CONVERSION = YES;
				CLANG_WARN_DEPRECATED_OBJC_IMPLEMENTATIONS = YES;
				CLANG_WARN_DIRECT_OBJC_ISA_USAGE = YES_ERROR;
				CLANG_WARN_DOCUMENTATION_COMMENTS = YES;
				CLANG_WARN_EMPTY_BODY = YES;
				CLANG_WARN_ENUM_CONVERSION = YES;
				CLANG_WARN_INFINITE_RECURSION = YES;
				CLANG_WARN_INT_CONVERSION = YES;
				CLANG_WARN_NON_LITERAL_NULL_CONVERSION = YES;
				CLANG_WARN_OBJC_IMPLICIT_RETAIN_SELF = YES;
				CLANG_WARN_OBJC_LITERAL_CONVERSION = YES;
				CLANG_WARN_OBJC_ROOT_CLASS = YES_ERROR;
				CLANG_WARN_QUOTED_INCLUDE_IN_FRAMEWORK_HEADER = YES;
				CLANG_WARN_RANGE_LOOP_ANALYSIS = YES;
				CLANG_WARN_STRICT_PROTOTYPES = YES;
				CLANG_WARN_SUSPICIOUS_MOVE = YES;
				CLANG_WARN_UNGUARDED_AVAILABILITY = YES_AGGRESSIVE;
				CLANG_WARN_UNREACHABLE_CODE = YES;
				CLANG_WARN__DUPLICATE_METHOD_MATCH = YES;
				COPY_PHASE_STRIP = NO;
				DEBUG_INFORMATION_FORMAT = "dwarf-with-dsym";
				ENABLE_NS_ASSERTIONS = NO;
				ENABLE_STRICT_OBJC_MSGSEND = YES;
				GCC_C_LANGUAGE_STANDARD = gnu11;
				GCC_NO_COMMON_BLOCKS = YES;
				GCC_WARN_64_TO_32_BIT_CONVERSION = YES;
				GCC_WARN_ABOUT_RETURN_TYPE = YES_ERROR;
				GCC_WARN_UNDECLARED_SELECTOR = YES;
				GCC_WARN_UNINITIALIZED_AUTOS = YES_AGGRESSIVE;
				GCC_WARN_UNUSED_FUNCTION = YES;
				GCC_WARN_UNUSED_VARIABLE = YES;
				IPHONEOS_DEPLOYMENT_TARGET = 15.5;
				MTL_ENABLE_DEBUG_INFO = NO;
				MTL_FAST_MATH = YES;
				SDKROOT = iphoneos;
				SWIFT_COMPILATION_MODE = wholemodule;
				SWIFT_OPTIMIZATION_LEVEL = "-O";
				VALIDATE_PRODUCT = YES;
			};
			name = Release;
		};
		0285C64F28FD337900F4CA92 /* Debug */ = {
			isa = XCBuildConfiguration;
			buildSettings = {
				ASSETCATALOG_COMPILER_APPICON_NAME = AppIcon;
				ASSETCATALOG_COMPILER_GLOBAL_ACCENT_COLOR_NAME = AccentColor;
				CODE_SIGN_STYLE = Automatic;
				CURRENT_PROJECT_VERSION = 1;
				DEVELOPMENT_TEAM = SHW8SLS33C;
				GENERATE_INFOPLIST_FILE = YES;
				INFOPLIST_FILE = PhotosApp/Info.plist;
				INFOPLIST_KEY_UIApplicationSupportsIndirectInputEvents = YES;
				INFOPLIST_KEY_UILaunchStoryboardName = LaunchScreen;
				INFOPLIST_KEY_UIMainStoryboardFile = Main;
				INFOPLIST_KEY_UISupportedInterfaceOrientations_iPad = "UIInterfaceOrientationPortrait UIInterfaceOrientationPortraitUpsideDown UIInterfaceOrientationLandscapeLeft UIInterfaceOrientationLandscapeRight";
				INFOPLIST_KEY_UISupportedInterfaceOrientations_iPhone = "UIInterfaceOrientationPortrait UIInterfaceOrientationLandscapeLeft UIInterfaceOrientationLandscapeRight";
				LD_RUNPATH_SEARCH_PATHS = (
					"$(inherited)",
					"@executable_path/Frameworks",
				);
				MARKETING_VERSION = 1.0;
				PRODUCT_BUNDLE_IDENTIFIER = com.phaninder.PhotosApp;
				PRODUCT_NAME = "$(TARGET_NAME)";
				SWIFT_EMIT_LOC_STRINGS = YES;
				SWIFT_VERSION = 5.0;
				TARGETED_DEVICE_FAMILY = "1,2";
			};
			name = Debug;
		};
		0285C65028FD337900F4CA92 /* Release */ = {
			isa = XCBuildConfiguration;
			buildSettings = {
				ASSETCATALOG_COMPILER_APPICON_NAME = AppIcon;
				ASSETCATALOG_COMPILER_GLOBAL_ACCENT_COLOR_NAME = AccentColor;
				CODE_SIGN_STYLE = Automatic;
				CURRENT_PROJECT_VERSION = 1;
				DEVELOPMENT_TEAM = SHW8SLS33C;
				GENERATE_INFOPLIST_FILE = YES;
				INFOPLIST_FILE = PhotosApp/Info.plist;
				INFOPLIST_KEY_UIApplicationSupportsIndirectInputEvents = YES;
				INFOPLIST_KEY_UILaunchStoryboardName = LaunchScreen;
				INFOPLIST_KEY_UIMainStoryboardFile = Main;
				INFOPLIST_KEY_UISupportedInterfaceOrientations_iPad = "UIInterfaceOrientationPortrait UIInterfaceOrientationPortraitUpsideDown UIInterfaceOrientationLandscapeLeft UIInterfaceOrientationLandscapeRight";
				INFOPLIST_KEY_UISupportedInterfaceOrientations_iPhone = "UIInterfaceOrientationPortrait UIInterfaceOrientationLandscapeLeft UIInterfaceOrientationLandscapeRight";
				LD_RUNPATH_SEARCH_PATHS = (
					"$(inherited)",
					"@executable_path/Frameworks",
				);
				MARKETING_VERSION = 1.0;
				PRODUCT_BUNDLE_IDENTIFIER = com.phaninder.PhotosApp;
				PRODUCT_NAME = "$(TARGET_NAME)";
				SWIFT_EMIT_LOC_STRINGS = YES;
				SWIFT_VERSION = 5.0;
				TARGETED_DEVICE_FAMILY = "1,2";
			};
			name = Release;
		};
		0285C65228FD337900F4CA92 /* Debug */ = {
			isa = XCBuildConfiguration;
			buildSettings = {
				ALWAYS_EMBED_SWIFT_STANDARD_LIBRARIES = YES;
				BUNDLE_LOADER = "$(TEST_HOST)";
				CLANG_ENABLE_MODULES = YES;
				CODE_SIGN_STYLE = Automatic;
				CURRENT_PROJECT_VERSION = 1;
				DEVELOPMENT_TEAM = SHW8SLS33C;
				GENERATE_INFOPLIST_FILE = YES;
				IPHONEOS_DEPLOYMENT_TARGET = 15.5;
				LD_RUNPATH_SEARCH_PATHS = (
					"$(inherited)",
					"@executable_path/Frameworks",
					"@loader_path/Frameworks",
				);
				MARKETING_VERSION = 1.0;
				PRODUCT_BUNDLE_IDENTIFIER = com.phaninder.PhotosAppTests;
				PRODUCT_NAME = "$(TARGET_NAME)";
				SWIFT_EMIT_LOC_STRINGS = NO;
				SWIFT_OPTIMIZATION_LEVEL = "-Onone";
				SWIFT_VERSION = 5.0;
				TARGETED_DEVICE_FAMILY = "1,2";
				TEST_HOST = "$(BUILT_PRODUCTS_DIR)/PhotosApp.app/PhotosApp";
			};
			name = Debug;
		};
		0285C65328FD337900F4CA92 /* Release */ = {
			isa = XCBuildConfiguration;
			buildSettings = {
				ALWAYS_EMBED_SWIFT_STANDARD_LIBRARIES = YES;
				BUNDLE_LOADER = "$(TEST_HOST)";
				CLANG_ENABLE_MODULES = YES;
				CODE_SIGN_STYLE = Automatic;
				CURRENT_PROJECT_VERSION = 1;
				DEVELOPMENT_TEAM = SHW8SLS33C;
				GENERATE_INFOPLIST_FILE = YES;
				IPHONEOS_DEPLOYMENT_TARGET = 15.5;
				LD_RUNPATH_SEARCH_PATHS = (
					"$(inherited)",
					"@executable_path/Frameworks",
					"@loader_path/Frameworks",
				);
				MARKETING_VERSION = 1.0;
				PRODUCT_BUNDLE_IDENTIFIER = com.phaninder.PhotosAppTests;
				PRODUCT_NAME = "$(TARGET_NAME)";
				SWIFT_EMIT_LOC_STRINGS = NO;
				SWIFT_VERSION = 5.0;
				TARGETED_DEVICE_FAMILY = "1,2";
				TEST_HOST = "$(BUILT_PRODUCTS_DIR)/PhotosApp.app/PhotosApp";
			};
			name = Release;
		};
		0285C65528FD337900F4CA92 /* Debug */ = {
			isa = XCBuildConfiguration;
			buildSettings = {
				ALWAYS_EMBED_SWIFT_STANDARD_LIBRARIES = YES;
				CODE_SIGN_STYLE = Automatic;
				CURRENT_PROJECT_VERSION = 1;
				DEVELOPMENT_TEAM = SHW8SLS33C;
				GENERATE_INFOPLIST_FILE = YES;
				MARKETING_VERSION = 1.0;
				PRODUCT_BUNDLE_IDENTIFIER = com.phaninder.PhotosAppUITests;
				PRODUCT_NAME = "$(TARGET_NAME)";
				SWIFT_EMIT_LOC_STRINGS = NO;
				SWIFT_VERSION = 5.0;
				TARGETED_DEVICE_FAMILY = "1,2";
				TEST_TARGET_NAME = PhotosApp;
			};
			name = Debug;
		};
		0285C65628FD337900F4CA92 /* Release */ = {
			isa = XCBuildConfiguration;
			buildSettings = {
				ALWAYS_EMBED_SWIFT_STANDARD_LIBRARIES = YES;
				CODE_SIGN_STYLE = Automatic;
				CURRENT_PROJECT_VERSION = 1;
				DEVELOPMENT_TEAM = SHW8SLS33C;
				GENERATE_INFOPLIST_FILE = YES;
				MARKETING_VERSION = 1.0;
				PRODUCT_BUNDLE_IDENTIFIER = com.phaninder.PhotosAppUITests;
				PRODUCT_NAME = "$(TARGET_NAME)";
				SWIFT_EMIT_LOC_STRINGS = NO;
				SWIFT_VERSION = 5.0;
				TARGETED_DEVICE_FAMILY = "1,2";
				TEST_TARGET_NAME = PhotosApp;
			};
			name = Release;
		};
/* End XCBuildConfiguration section */

/* Begin XCConfigurationList section */
		0285C61F28FD337700F4CA92 /* Build configuration list for PBXProject "PhotosApp" */ = {
			isa = XCConfigurationList;
			buildConfigurations = (
				0285C64C28FD337900F4CA92 /* Debug */,
				0285C64D28FD337900F4CA92 /* Release */,
			);
			defaultConfigurationIsVisible = 0;
			defaultConfigurationName = Release;
		};
		0285C64E28FD337900F4CA92 /* Build configuration list for PBXNativeTarget "PhotosApp" */ = {
			isa = XCConfigurationList;
			buildConfigurations = (
				0285C64F28FD337900F4CA92 /* Debug */,
				0285C65028FD337900F4CA92 /* Release */,
			);
			defaultConfigurationIsVisible = 0;
			defaultConfigurationName = Release;
		};
		0285C65128FD337900F4CA92 /* Build configuration list for PBXNativeTarget "PhotosAppTests" */ = {
			isa = XCConfigurationList;
			buildConfigurations = (
				0285C65228FD337900F4CA92 /* Debug */,
				0285C65328FD337900F4CA92 /* Release */,
			);
			defaultConfigurationIsVisible = 0;
			defaultConfigurationName = Release;
		};
		0285C65428FD337900F4CA92 /* Build configuration list for PBXNativeTarget "PhotosAppUITests" */ = {
			isa = XCConfigurationList;
			buildConfigurations = (
				0285C65528FD337900F4CA92 /* Debug */,
				0285C65628FD337900F4CA92 /* Release */,
			);
			defaultConfigurationIsVisible = 0;
			defaultConfigurationName = Release;
		};
/* End XCConfigurationList section */
	};
	rootObject = 0285C61C28FD337700F4CA92 /* Project object */;
}
